
Microsoft Visual Studio Solution File, Format Version 12.00
# Visual Studio Version 17
VisualStudioVersion = 17.11.35327.3
MinimumVisualStudioVersion = 10.0.40219.1
Project("{FAE04EC0-301F-11D3-BF4B-00C04F79EFBC}") = "POS", "POS.csproj", "{EFF4DFC0-E65E-432C-93E0-3C33E9B49190}"
EndProject
Global
	GlobalSection(SolutionConfigurationPlatforms) = preSolution
		Debug|Any CPU = Debug|Any CPU
		Release|Any CPU = Release|Any CPU
	EndGlobalSection
	GlobalSection(ProjectConfigurationPlatforms) = postSolution
		{EFF4DFC0-E65E-432C-93E0-3C33E9B49190}.Debug|Any CPU.ActiveCfg = Debug|Any CPU
		{EFF4DFC0-E65E-432C-93E0-3C33E9B49190}.Debug|Any CPU.Build.0 = Debug|Any CPU
		{EFF4DFC0-E65E-432C-93E0-3C33E9B49190}.Release|Any CPU.ActiveCfg = Release|Any CPU
		{EFF4DFC0-E65E-432C-93E0-3C33E9B49190}.Release|Any CPU.Build.0 = Release|Any CPU
	EndGlobalSection
	GlobalSection(SolutionProperties) = preSolution
		HideSolutionNode = FALSE
	EndGlobalSection
	GlobalSection(ExtensibilityGlobals) = postSolution
		SolutionGuid = {8DE2F6D8-7EE4-42DC-9813-72DBABB21043}
	EndGlobalSection
EndGlobal
